// !$*UTF8*$!
{
	archiveVersion = 1;
	classes = {
	};
	objectVersion = 55;
	objects = {

/* Begin PBXBuildFile section */
		6E646D6E272C37D9007BAAAE /* App06_FinalApp.swift in Sources */ = {isa = PBXBuildFile; fileRef = 6E646D6D272C37D9007BAAAE /* App06_FinalApp.swift */; };
		6E646D70272C37D9007BAAAE /* CatalogView.swift in Sources */ = {isa = PBXBuildFile; fileRef = 6E646D6F272C37D9007BAAAE /* CatalogView.swift */; };
		6E646D72272C37DD007BAAAE /* Assets.xcassets in Resources */ = {isa = PBXBuildFile; fileRef = 6E646D71272C37DD007BAAAE /* Assets.xcassets */; };
		6E646D75272C37DD007BAAAE /* Preview Assets.xcassets in Resources */ = {isa = PBXBuildFile; fileRef = 6E646D74272C37DD007BAAAE /* Preview Assets.xcassets */; };
		6E646D7D272C3C7E007BAAAE /* Alamofire in Frameworks */ = {isa = PBXBuildFile; productRef = 6E646D7C272C3C7E007BAAAE /* Alamofire */; };
		6E646D80272C3C8C007BAAAE /* Kingfisher in Frameworks */ = {isa = PBXBuildFile; productRef = 6E646D7F272C3C8C007BAAAE /* Kingfisher */; };
		6E646D82272C3CE0007BAAAE /* SwiftyJSON.swift in Sources */ = {isa = PBXBuildFile; fileRef = 6E646D81272C3CE0007BAAAE /* SwiftyJSON.swift */; };
		6E646D85272C3E04007BAAAE /* Item.swift in Sources */ = {isa = PBXBuildFile; fileRef = 6E646D84272C3E04007BAAAE /* Item.swift */; };
/* End PBXBuildFile section */

/* Begin PBXFileReference section */
		6E646D6A272C37D9007BAAAE /* App06-Final.app */ = {isa = PBXFileReference; explicitFileType = wrapper.application; includeInIndex = 0; path = "App06-Final.app"; sourceTree = BUILT_PRODUCTS_DIR; };
		6E646D6D272C37D9007BAAAE /* App06_FinalApp.swift */ = {isa = PBXFileReference; lastKnownFileType = sourcecode.swift; path = App06_FinalApp.swift; sourceTree = "<group>"; };
		6E646D6F272C37D9007BAAAE /* CatalogView.swift */ = {isa = PBXFileReference; lastKnownFileType = sourcecode.swift; path = CatalogView.swift; sourceTree = "<group>"; };
		6E646D71272C37DD007BAAAE /* Assets.xcassets */ = {isa = PBXFileReference; lastKnownFileType = folder.assetcatalog; path = Assets.xcassets; sourceTree = "<group>"; };
		6E646D74272C37DD007BAAAE /* Preview Assets.xcassets */ = {isa = PBXFileReference; lastKnownFileType = folder.assetcatalog; path = "Preview Assets.xcassets"; sourceTree = "<group>"; };
		6E646D81272C3CE0007BAAAE /* SwiftyJSON.swift */ = {isa = PBXFileReference; fileEncoding = 4; lastKnownFileType = sourcecode.swift; path = SwiftyJSON.swift; sourceTree = "<group>"; };
		6E646D84272C3E04007BAAAE /* Item.swift */ = {isa = PBXFileReference; lastKnownFileType = sourcecode.swift; path = Item.swift; sourceTree = "<group>"; };
/* End PBXFileReference section */

/* Begin PBXFrameworksBuildPhase section */
		6E646D67272C37D9007BAAAE /* Frameworks */ = {
			isa = PBXFrameworksBuildPhase;
			buildActionMask = 2147483647;
			files = (
				6E646D80272C3C8C007BAAAE /* Kingfisher in Frameworks */,
				6E646D7D272C3C7E007BAAAE /* Alamofire in Frameworks */,
			);
			runOnlyForDeploymentPostprocessing = 0;
		};
/* End PBXFrameworksBuildPhase section */

/* Begin PBXGroup section */
		6E646D61272C37D9007BAAAE = {
			isa = PBXGroup;
			children = (
				6E646D6C272C37D9007BAAAE /* App06-Final */,
				6E646D6B272C37D9007BAAAE /* Products */,
			);
			sourceTree = "<group>";
		};
		6E646D6B272C37D9007BAAAE /* Products */ = {
			isa = PBXGroup;
			children = (
				6E646D6A272C37D9007BAAAE /* App06-Final.app */,
			);
			name = Products;
			sourceTree = "<group>";
		};
		6E646D6C272C37D9007BAAAE /* App06-Final */ = {
			isa = PBXGroup;
			children = (
				6E646D83272C3DE8007BAAAE /* Model */,
				6E646D6D272C37D9007BAAAE /* App06_FinalApp.swift */,
				6E646D6F272C37D9007BAAAE /* CatalogView.swift */,
				6E646D71272C37DD007BAAAE /* Assets.xcassets */,
				6E646D81272C3CE0007BAAAE /* SwiftyJSON.swift */,
				6E646D73272C37DD007BAAAE /* Preview Content */,
			);
			path = "App06-Final";
			sourceTree = "<group>";
		};
		6E646D73272C37DD007BAAAE /* Preview Content */ = {
			isa = PBXGroup;
			children = (
				6E646D74272C37DD007BAAAE /* Preview Assets.xcassets */,
			);
			path = "Preview Content";
			sourceTree = "<group>";
		};
		6E646D83272C3DE8007BAAAE /* Model */ = {
			isa = PBXGroup;
			children = (
				6E646D84272C3E04007BAAAE /* Item.swift */,
			);
			path = Model;
			sourceTree = "<group>";
		};
/* End PBXGroup section */

/* Begin PBXNativeTarget section */
		6E646D69272C37D9007BAAAE /* App06-Final */ = {
			isa = PBXNativeTarget;
			buildConfigurationList = 6E646D78272C37DD007BAAAE /* Build configuration list for PBXNativeTarget "App06-Final" */;
			buildPhases = (
				6E646D66272C37D9007BAAAE /* Sources */,
				6E646D67272C37D9007BAAAE /* Frameworks */,
				6E646D68272C37D9007BAAAE /* Resources */,
			);
			buildRules = (
			);
			dependencies = (
			);
			name = "App06-Final";
			packageProductDependencies = (
				6E646D7C272C3C7E007BAAAE /* Alamofire */,
				6E646D7F272C3C8C007BAAAE /* Kingfisher */,
			);
			productName = "App06-Final";
			productReference = 6E646D6A272C37D9007BAAAE /* App06-Final.app */;
			productType = "com.apple.product-type.application";
		};
/* End PBXNativeTarget section */

/* Begin PBXProject section */
		6E646D62272C37D9007BAAAE /* Project object */ = {
			isa = PBXProject;
			attributes = {
				BuildIndependentTargetsInParallel = 1;
				LastSwiftUpdateCheck = 1310;
				LastUpgradeCheck = 1310;
				TargetAttributes = {
					6E646D69272C37D9007BAAAE = {
						CreatedOnToolsVersion = 13.1;
					};
				};
			};
			buildConfigurationList = 6E646D65272C37D9007BAAAE /* Build configuration list for PBXProject "App06-Final" */;
			compatibilityVersion = "Xcode 13.0";
			developmentRegion = en;
			hasScannedForEncodings = 0;
			knownRegions = (
				en,
				Base,
			);
			mainGroup = 6E646D61272C37D9007BAAAE;
			packageReferences = (
				6E646D7B272C3C7E007BAAAE /* XCRemoteSwiftPackageReference "Alamofire" */,
				6E646D7E272C3C8C007BAAAE /* XCRemoteSwiftPackageReference "Kingfisher" */,
			);
			productRefGroup = 6E646D6B272C37D9007BAAAE /* Products */;
			projectDirPath = "";
			projectRoot = "";
			targets = (
				6E646D69272C37D9007BAAAE /* App06-Final */,
			);
		};
/* End PBXProject section */

/* Begin PBXResourcesBuildPhase section */
		6E646D68272C37D9007BAAAE /* Resources */ = {
			isa = PBXResourcesBuildPhase;
			buildActionMask = 2147483647;
			files = (
				6E646D75272C37DD007BAAAE /* Preview Assets.xcassets in Resources */,
				6E646D72272C37DD007BAAAE /* Assets.xcassets in Resources */,
			);
			runOnlyForDeploymentPostprocessing = 0;
		};
/* End PBXResourcesBuildPhase section */

/* Begin PBXSourcesBuildPhase section */
		6E646D66272C37D9007BAAAE /* Sources */ = {
			isa = PBXSourcesBuildPhase;
			buildActionMask = 2147483647;
			files = (
				6E646D85272C3E04007BAAAE /* Item.swift in Sources */,
				6E646D82272C3CE0007BAAAE /* SwiftyJSON.swift in Sources */,
				6E646D70272C37D9007BAAAE /* CatalogView.swift in Sources */,
				6E646D6E272C37D9007BAAAE /* App06_FinalApp.swift in Sources */,
			);
			runOnlyForDeploymentPostprocessing = 0;
		};
/* End PBXSourcesBuildPhase section */

/* Begin XCBuildConfiguration section */
		6E646D76272C37DD007BAAAE /* Debug */ = {
			isa = XCBuildConfiguration;
			buildSettings = {
				ALWAYS_SEARCH_USER_PATHS = NO;
				CLANG_ANALYZER_NONNULL = YES;
				CLANG_ANALYZER_NUMBER_OBJECT_CONVERSION = YES_AGGRESSIVE;
				CLANG_CXX_LANGUAGE_STANDARD = "gnu++17";
				CLANG_CXX_LIBRARY = "libc++";
				CLANG_ENABLE_MODULES = YES;
				CLANG_ENABLE_OBJC_ARC = YES;
				CLANG_ENABLE_OBJC_WEAK = YES;
				CLANG_WARN_BLOCK_CAPTURE_AUTORELEASING = YES;
				CLANG_WARN_BOOL_CONVERSION = YES;
				CLANG_WARN_COMMA = YES;
				CLANG_WARN_CONSTANT_CONVERSION = YES;
				CLANG_WARN_DEPRECATED_OBJC_IMPLEMENTATIONS = YES;
				CLANG_WARN_DIRECT_OBJC_ISA_USAGE = YES_ERROR;
				CLANG_WARN_DOCUMENTATION_COMMENTS = YES;
				CLANG_WARN_EMPTY_BODY = YES;
				CLANG_WARN_ENUM_CONVERSION = YES;
				CLANG_WARN_INFINITE_RECURSION = YES;
				CLANG_WARN_INT_CONVERSION = YES;
				CLANG_WARN_NON_LITERAL_NULL_CONVERSION = YES;
				CLANG_WARN_OBJC_IMPLICIT_RETAIN_SELF = YES;
				CLANG_WARN_OBJC_LITERAL_CONVERSION = YES;
				CLANG_WARN_OBJC_ROOT_CLASS = YES_ERROR;
				CLANG_WARN_QUOTED_INCLUDE_IN_FRAMEWORK_HEADER = YES;
				CLANG_WARN_RANGE_LOOP_ANALYSIS = YES;
				CLANG_WARN_STRICT_PROTOTYPES = YES;
				CLANG_WARN_SUSPICIOUS_MOVE = YES;
				CLANG_WARN_UNGUARDED_AVAILABILITY = YES_AGGRESSIVE;
				CLANG_WARN_UNREACHABLE_CODE = YES;
				CLANG_WARN__DUPLICATE_METHOD_MATCH = YES;
				COPY_PHASE_STRIP = NO;
				DEBUG_INFORMATION_FORMAT = dwarf;
				ENABLE_STRICT_OBJC_MSGSEND = YES;
				ENABLE_TESTABILITY = YES;
				GCC_C_LANGUAGE_STANDARD = gnu11;
				GCC_DYNAMIC_NO_PIC = NO;
				GCC_NO_COMMON_BLOCKS = YES;
				GCC_OPTIMIZATION_LEVEL = 0;
				GCC_PREPROCESSOR_DEFINITIONS = (
					"DEBUG=1",
					"$(inherited)",
				);
				GCC_WARN_64_TO_32_BIT_CONVERSION = YES;
				GCC_WARN_ABOUT_RETURN_TYPE = YES_ERROR;
				GCC_WARN_UNDECLARED_SELECTOR = YES;
				GCC_WARN_UNINITIALIZED_AUTOS = YES_AGGRESSIVE;
				GCC_WARN_UNUSED_FUNCTION = YES;
				GCC_WARN_UNUSED_VARIABLE = YES;
				IPHONEOS_DEPLOYMENT_TARGET = 15.0;
				MTL_ENABLE_DEBUG_INFO = INCLUDE_SOURCE;
				MTL_FAST_MATH = YES;
				ONLY_ACTIVE_ARCH = YES;
				SDKROOT = iphoneos;
				SWIFT_ACTIVE_COMPILATION_CONDITIONS = DEBUG;
				SWIFT_OPTIMIZATION_LEVEL = "-Onone";
			};
			name = Debug;
		};
		6E646D77272C37DD007BAAAE /* Release */ = {
			isa = XCBuildConfiguration;
			buildSettings = {
				ALWAYS_SEARCH_USER_PATHS = NO;
				CLANG_ANALYZER_NONNULL = YES;
				CLANG_ANALYZER_NUMBER_OBJECT_CONVERSION = YES_AGGRESSIVE;
				CLANG_CXX_LANGUAGE_STANDARD = "gnu++17";
				CLANG_CXX_LIBRARY = "libc++";
				CLANG_ENABLE_MODULES = YES;
				CLANG_ENABLE_OBJC_ARC = YES;
				CLANG_ENABLE_OBJC_WEAK = YES;
				CLANG_WARN_BLOCK_CAPTURE_AUTORELEASING = YES;
				CLANG_WARN_BOOL_CONVERSION = YES;
				CLANG_WARN_COMMA = YES;
				CLANG_WARN_CONSTANT_CONVERSION = YES;
				CLANG_WARN_DEPRECATED_OBJC_IMPLEMENTATIONS = YES;
				CLANG_WARN_DIRECT_OBJC_ISA_USAGE = YES_ERROR;
				CLANG_WARN_DOCUMENTATION_COMMENTS = YES;
				CLANG_WARN_EMPTY_BODY = YES;
				CLANG_WARN_ENUM_CONVERSION = YES;
				CLANG_WARN_INFINITE_RECURSION = YES;
				CLANG_WARN_INT_CONVERSION = YES;
				CLANG_WARN_NON_LITERAL_NULL_CONVERSION = YES;
				CLANG_WARN_OBJC_IMPLICIT_RETAIN_SELF = YES;
				CLANG_WARN_OBJC_LITERAL_CONVERSION = YES;
				CLANG_WARN_OBJC_ROOT_CLASS = YES_ERROR;
				CLANG_WARN_QUOTED_INCLUDE_IN_FRAMEWORK_HEADER = YES;
				CLANG_WARN_RANGE_LOOP_ANALYSIS = YES;
				CLANG_WARN_STRICT_PROTOTYPES = YES;
				CLANG_WARN_SUSPICIOUS_MOVE = YES;
				CLANG_WARN_UNGUARDED_AVAILABILITY = YES_AGGRESSIVE;
				CLANG_WARN_UNREACHABLE_CODE = YES;
				CLANG_WARN__DUPLICATE_METHOD_MATCH = YES;
				COPY_PHASE_STRIP = NO;
				DEBUG_INFORMATION_FORMAT = "dwarf-with-dsym";
				ENABLE_NS_ASSERTIONS = NO;
				ENABLE_STRICT_OBJC_MSGSEND = YES;
				GCC_C_LANGUAGE_STANDARD = gnu11;
				GCC_NO_COMMON_BLOCKS = YES;
				GCC_WARN_64_TO_32_BIT_CONVERSION = YES;
				GCC_WARN_ABOUT_RETURN_TYPE = YES_ERROR;
				GCC_WARN_UNDECLARED_SELECTOR = YES;
				GCC_WARN_UNINITIALIZED_AUTOS = YES_AGGRESSIVE;
				GCC_WARN_UNUSED_FUNCTION = YES;
				GCC_WARN_UNUSED_VARIABLE = YES;
				IPHONEOS_DEPLOYMENT_TARGET = 15.0;
				MTL_ENABLE_DEBUG_INFO = NO;
				MTL_FAST_MATH = YES;
				SDKROOT = iphoneos;
				SWIFT_COMPILATION_MODE = wholemodule;
				SWIFT_OPTIMIZATION_LEVEL = "-O";
				VALIDATE_PRODUCT = YES;
			};
			name = Release;
		};
		6E646D79272C37DD007BAAAE /* Debug */ = {
			isa = XCBuildConfiguration;
			buildSettings = {
				ASSETCATALOG_COMPILER_APPICON_NAME = AppIcon;
				ASSETCATALOG_COMPILER_GLOBAL_ACCENT_COLOR_NAME = AccentColor;
				CODE_SIGN_STYLE = Automatic;
				CURRENT_PROJECT_VERSION = 1;
				DEVELOPMENT_ASSET_PATHS = "\"App06-Final/Preview Content\"";
				ENABLE_PREVIEWS = YES;
				GENERATE_INFOPLIST_FILE = YES;
				INFOPLIST_KEY_UIApplicationSceneManifest_Generation = YES;
				INFOPLIST_KEY_UIApplicationSupportsIndirectInputEvents = YES;
				INFOPLIST_KEY_UILaunchScreen_Generation = YES;
				INFOPLIST_KEY_UISupportedInterfaceOrientations_iPad = "UIInterfaceOrientationPortrait UIInterfaceOrientationPortraitUpsideDown UIInterfaceOrientationLandscapeLeft UIInterfaceOrientationLandscapeRight";
				INFOPLIST_KEY_UISupportedInterfaceOrientations_iPhone = "UIInterfaceOrientationPortrait UIInterfaceOrientationLandscapeLeft UIInterfaceOrientationLandscapeRight";
				LD_RUNPATH_SEARCH_PATHS = (
					"$(inherited)",
					"@executable_path/Frameworks",
				);
				MARKETING_VERSION = 1.0;
				PRODUCT_BUNDLE_IDENTIFIER = "clarissavlsqz.App06-Final";
				PRODUCT_NAME = "$(TARGET_NAME)";
				SWIFT_EMIT_LOC_STRINGS = YES;
				SWIFT_VERSION = 5.0;
				TARGETED_DEVICE_FAMILY = "1,2";
			};
			name = Debug;
		};
		6E646D7A272C37DD007BAAAE /* Release */ = {
			isa = XCBuildConfiguration;
			buildSettings = {
				ASSETCATALOG_COMPILER_APPICON_NAME = AppIcon;
				ASSETCATALOG_COMPILER_GLOBAL_ACCENT_COLOR_NAME = AccentColor;
				CODE_SIGN_STYLE = Automatic;
				CURRENT_PROJECT_VERSION = 1;
				DEVELOPMENT_ASSET_PATHS = "\"App06-Final/Preview Content\"";
				ENABLE_PREVIEWS = YES;
				GENERATE_INFOPLIST_FILE = YES;
				INFOPLIST_KEY_UIApplicationSceneManifest_Generation = YES;
				INFOPLIST_KEY_UIApplicationSupportsIndirectInputEvents = YES;
				INFOPLIST_KEY_UILaunchScreen_Generation = YES;
				INFOPLIST_KEY_UISupportedInterfaceOrientations_iPad = "UIInterfaceOrientationPortrait UIInterfaceOrientationPortraitUpsideDown UIInterfaceOrientationLandscapeLeft UIInterfaceOrientationLandscapeRight";
				INFOPLIST_KEY_UISupportedInterfaceOrientations_iPhone = "UIInterfaceOrientationPortrait UIInterfaceOrientationLandscapeLeft UIInterfaceOrientationLandscapeRight";
				LD_RUNPATH_SEARCH_PATHS = (
					"$(inherited)",
					"@executable_path/Frameworks",
				);
				MARKETING_VERSION = 1.0;
				PRODUCT_BUNDLE_IDENTIFIER = "clarissavlsqz.App06-Final";
				PRODUCT_NAME = "$(TARGET_NAME)";
				SWIFT_EMIT_LOC_STRINGS = YES;
				SWIFT_VERSION = 5.0;
				TARGETED_DEVICE_FAMILY = "1,2";
			};
			name = Release;
		};
/* End XCBuildConfiguration section */

/* Begin XCConfigurationList section */
		6E646D65272C37D9007BAAAE /* Build configuration list for PBXProject "App06-Final" */ = {
			isa = XCConfigurationList;
			buildConfigurations = (
				6E646D76272C37DD007BAAAE /* Debug */,
				6E646D77272C37DD007BAAAE /* Release */,
			);
			defaultConfigurationIsVisible = 0;
			defaultConfigurationName = Release;
		};
		6E646D78272C37DD007BAAAE /* Build configuration list for PBXNativeTarget "App06-Final" */ = {
			isa = XCConfigurationList;
			buildConfigurations = (
				6E646D79272C37DD007BAAAE /* Debug */,
				6E646D7A272C37DD007BAAAE /* Release */,
			);
			defaultConfigurationIsVisible = 0;
			defaultConfigurationName = Release;
		};
/* End XCConfigurationList section */

/* Begin XCRemoteSwiftPackageReference section */
		6E646D7B272C3C7E007BAAAE /* XCRemoteSwiftPackageReference "Alamofire" */ = {
			isa = XCRemoteSwiftPackageReference;
			repositoryURL = "https://github.com/Alamofire/Alamofire.git";
			requirement = {
				branch = master;
				kind = branch;
			};
		};
		6E646D7E272C3C8C007BAAAE /* XCRemoteSwiftPackageReference "Kingfisher" */ = {
			isa = XCRemoteSwiftPackageReference;
			repositoryURL = "https://github.com/onevcat/Kingfisher.git";
			requirement = {
				branch = master;
				kind = branch;
			};
		};
/* End XCRemoteSwiftPackageReference section */

/* Begin XCSwiftPackageProductDependency section */
		6E646D7C272C3C7E007BAAAE /* Alamofire */ = {
			isa = XCSwiftPackageProductDependency;
			package = 6E646D7B272C3C7E007BAAAE /* XCRemoteSwiftPackageReference "Alamofire" */;
			productName = Alamofire;
		};
		6E646D7F272C3C8C007BAAAE /* Kingfisher */ = {
			isa = XCSwiftPackageProductDependency;
			package = 6E646D7E272C3C8C007BAAAE /* XCRemoteSwiftPackageReference "Kingfisher" */;
			productName = Kingfisher;
		};
/* End XCSwiftPackageProductDependency section */
	};
	rootObject = 6E646D62272C37D9007BAAAE /* Project object */;
}
